// !$*UTF8*$!
{
	archiveVersion = 1;
	classes = {
	};
	objectVersion = 50;
	objects = {

/* Begin PBXBuildFile section */
		1900DAFF232AC48C006A79B4 /* SessionOpener.swift in Sources */ = {isa = PBXBuildFile; fileRef = 1900DAFE232AC48C006A79B4 /* SessionOpener.swift */; };
		1900DB01232B613D006A79B4 /* DataGetter.swift in Sources */ = {isa = PBXBuildFile; fileRef = 1900DB00232B613D006A79B4 /* DataGetter.swift */; };
		1900DB05232C15BE006A79B4 /* Top50ViewController.swift in Sources */ = {isa = PBXBuildFile; fileRef = 1900DB04232C15BE006A79B4 /* Top50ViewController.swift */; };
		192026EE233148110029B8A4 /* DataPoster.swift in Sources */ = {isa = PBXBuildFile; fileRef = 192026ED233148110029B8A4 /* DataPoster.swift */; };
		19D9DE1D2327298700D5D578 /* AppDelegate.swift in Sources */ = {isa = PBXBuildFile; fileRef = 19D9DE1C2327298700D5D578 /* AppDelegate.swift */; };
		19D9DE1F2327298700D5D578 /* ViewController.swift in Sources */ = {isa = PBXBuildFile; fileRef = 19D9DE1E2327298700D5D578 /* ViewController.swift */; };
		19D9DE222327298700D5D578 /* Main.storyboard in Resources */ = {isa = PBXBuildFile; fileRef = 19D9DE202327298700D5D578 /* Main.storyboard */; };
		19D9DE242327298A00D5D578 /* Assets.xcassets in Resources */ = {isa = PBXBuildFile; fileRef = 19D9DE232327298A00D5D578 /* Assets.xcassets */; };
		19D9DE272327298A00D5D578 /* LaunchScreen.storyboard in Resources */ = {isa = PBXBuildFile; fileRef = 19D9DE252327298A00D5D578 /* LaunchScreen.storyboard */; };
		19D9DE2F232739F000D5D578 /* SpotifyiOS.framework in Frameworks */ = {isa = PBXBuildFile; fileRef = 19D9DE2E232739F000D5D578 /* SpotifyiOS.framework */; };
/* End PBXBuildFile section */

/* Begin PBXFileReference section */
		1900DAFE232AC48C006A79B4 /* SessionOpener.swift */ = {isa = PBXFileReference; lastKnownFileType = sourcecode.swift; path = SessionOpener.swift; sourceTree = "<group>"; };
		1900DB00232B613D006A79B4 /* DataGetter.swift */ = {isa = PBXFileReference; lastKnownFileType = sourcecode.swift; path = DataGetter.swift; sourceTree = "<group>"; };
		1900DB04232C15BE006A79B4 /* Top50ViewController.swift */ = {isa = PBXFileReference; lastKnownFileType = sourcecode.swift; path = Top50ViewController.swift; sourceTree = "<group>"; };
		192026ED233148110029B8A4 /* DataPoster.swift */ = {isa = PBXFileReference; lastKnownFileType = sourcecode.swift; path = DataPoster.swift; sourceTree = "<group>"; };
		192B234C23276C4C003430B5 /* My-Spotify-Analytics-Bridging-Header.h */ = {isa = PBXFileReference; lastKnownFileType = sourcecode.c.h; path = "My-Spotify-Analytics-Bridging-Header.h"; sourceTree = "<group>"; };
		19D9DE192327298700D5D578 /* My Spotify Analytics.app */ = {isa = PBXFileReference; explicitFileType = wrapper.application; includeInIndex = 0; path = "My Spotify Analytics.app"; sourceTree = BUILT_PRODUCTS_DIR; };
		19D9DE1C2327298700D5D578 /* AppDelegate.swift */ = {isa = PBXFileReference; lastKnownFileType = sourcecode.swift; path = AppDelegate.swift; sourceTree = "<group>"; };
		19D9DE1E2327298700D5D578 /* ViewController.swift */ = {isa = PBXFileReference; lastKnownFileType = sourcecode.swift; path = ViewController.swift; sourceTree = "<group>"; };
		19D9DE212327298700D5D578 /* Base */ = {isa = PBXFileReference; lastKnownFileType = file.storyboard; name = Base; path = Base.lproj/Main.storyboard; sourceTree = "<group>"; };
		19D9DE232327298A00D5D578 /* Assets.xcassets */ = {isa = PBXFileReference; lastKnownFileType = folder.assetcatalog; path = Assets.xcassets; sourceTree = "<group>"; };
		19D9DE262327298A00D5D578 /* Base */ = {isa = PBXFileReference; lastKnownFileType = file.storyboard; name = Base; path = Base.lproj/LaunchScreen.storyboard; sourceTree = "<group>"; };
		19D9DE282327298A00D5D578 /* Info.plist */ = {isa = PBXFileReference; lastKnownFileType = text.plist.xml; path = Info.plist; sourceTree = "<group>"; };
		19D9DE2E232739F000D5D578 /* SpotifyiOS.framework */ = {isa = PBXFileReference; lastKnownFileType = wrapper.framework; path = SpotifyiOS.framework; sourceTree = "<group>"; };
/* End PBXFileReference section */

/* Begin PBXFrameworksBuildPhase section */
		19D9DE162327298700D5D578 /* Frameworks */ = {
			isa = PBXFrameworksBuildPhase;
			buildActionMask = 2147483647;
			files = (
				19D9DE2F232739F000D5D578 /* SpotifyiOS.framework in Frameworks */,
			);
			runOnlyForDeploymentPostprocessing = 0;
		};
/* End PBXFrameworksBuildPhase section */

/* Begin PBXGroup section */
		19D9DE102327298700D5D578 = {
			isa = PBXGroup;
			children = (
				192B234C23276C4C003430B5 /* My-Spotify-Analytics-Bridging-Header.h */,
				19D9DE1B2327298700D5D578 /* My Spotify Analytics */,
				19D9DE1A2327298700D5D578 /* Products */,
			);
			sourceTree = "<group>";
		};
		19D9DE1A2327298700D5D578 /* Products */ = {
			isa = PBXGroup;
			children = (
				19D9DE192327298700D5D578 /* My Spotify Analytics.app */,
			);
			name = Products;
			sourceTree = "<group>";
		};
		19D9DE1B2327298700D5D578 /* My Spotify Analytics */ = {
			isa = PBXGroup;
			children = (
				19D9DE1C2327298700D5D578 /* AppDelegate.swift */,
				19D9DE1E2327298700D5D578 /* ViewController.swift */,
				19D9DE232327298A00D5D578 /* Assets.xcassets */,
				1900DB04232C15BE006A79B4 /* Top50ViewController.swift */,
				1900DB00232B613D006A79B4 /* DataGetter.swift */,
				192026ED233148110029B8A4 /* DataPoster.swift */,
				1900DAFE232AC48C006A79B4 /* SessionOpener.swift */,
				19D9DE202327298700D5D578 /* Main.storyboard */,
				19D9DE252327298A00D5D578 /* LaunchScreen.storyboard */,
				19D9DE282327298A00D5D578 /* Info.plist */,
				19D9DE2E232739F000D5D578 /* SpotifyiOS.framework */,
			);
			path = "My Spotify Analytics";
			sourceTree = "<group>";
		};
/* End PBXGroup section */

/* Begin PBXNativeTarget section */
		19D9DE182327298700D5D578 /* My Spotify Analytics */ = {
			isa = PBXNativeTarget;
			buildConfigurationList = 19D9DE2B2327298A00D5D578 /* Build configuration list for PBXNativeTarget "My Spotify Analytics" */;
			buildPhases = (
				19D9DE152327298700D5D578 /* Sources */,
				19D9DE162327298700D5D578 /* Frameworks */,
				19D9DE172327298700D5D578 /* Resources */,
			);
			buildRules = (
			);
			dependencies = (
			);
			name = "My Spotify Analytics";
			productName = "My Spotify Analytics";
			productReference = 19D9DE192327298700D5D578 /* My Spotify Analytics.app */;
			productType = "com.apple.product-type.application";
		};
/* End PBXNativeTarget section */

/* Begin PBXProject section */
		19D9DE112327298700D5D578 /* Project object */ = {
			isa = PBXProject;
			attributes = {
				LastSwiftUpdateCheck = 1030;
				LastUpgradeCheck = 1030;
				ORGANIZATIONNAME = "David Lane";
				TargetAttributes = {
					19D9DE182327298700D5D578 = {
						CreatedOnToolsVersion = 10.3;
					};
				};
			};
			buildConfigurationList = 19D9DE142327298700D5D578 /* Build configuration list for PBXProject "My Spotify Analytics" */;
			compatibilityVersion = "Xcode 9.3";
			developmentRegion = en;
			hasScannedForEncodings = 0;
			knownRegions = (
				en,
				Base,
			);
			mainGroup = 19D9DE102327298700D5D578;
			productRefGroup = 19D9DE1A2327298700D5D578 /* Products */;
			projectDirPath = "";
			projectRoot = "";
			targets = (
				19D9DE182327298700D5D578 /* My Spotify Analytics */,
			);
		};
/* End PBXProject section */

/* Begin PBXResourcesBuildPhase section */
		19D9DE172327298700D5D578 /* Resources */ = {
			isa = PBXResourcesBuildPhase;
			buildActionMask = 2147483647;
			files = (
				19D9DE272327298A00D5D578 /* LaunchScreen.storyboard in Resources */,
				19D9DE242327298A00D5D578 /* Assets.xcassets in Resources */,
				19D9DE222327298700D5D578 /* Main.storyboard in Resources */,
			);
			runOnlyForDeploymentPostprocessing = 0;
		};
/* End PBXResourcesBuildPhase section */

/* Begin PBXSourcesBuildPhase section */
		19D9DE152327298700D5D578 /* Sources */ = {
			isa = PBXSourcesBuildPhase;
			buildActionMask = 2147483647;
			files = (
				19D9DE1F2327298700D5D578 /* ViewController.swift in Sources */,
				1900DB01232B613D006A79B4 /* DataGetter.swift in Sources */,
				1900DB05232C15BE006A79B4 /* Top50ViewController.swift in Sources */,
				1900DAFF232AC48C006A79B4 /* SessionOpener.swift in Sources */,
				192026EE233148110029B8A4 /* DataPoster.swift in Sources */,
				19D9DE1D2327298700D5D578 /* AppDelegate.swift in Sources */,
			);
			runOnlyForDeploymentPostprocessing = 0;
		};
/* End PBXSourcesBuildPhase section */

/* Begin PBXVariantGroup section */
		19D9DE202327298700D5D578 /* Main.storyboard */ = {
			isa = PBXVariantGroup;
			children = (
				19D9DE212327298700D5D578 /* Base */,
			);
			name = Main.storyboard;
			sourceTree = "<group>";
		};
		19D9DE252327298A00D5D578 /* LaunchScreen.storyboard */ = {
			isa = PBXVariantGroup;
			children = (
				19D9DE262327298A00D5D578 /* Base */,
			);
			name = LaunchScreen.storyboard;
			sourceTree = "<group>";
		};
/* End PBXVariantGroup section */

/* Begin XCBuildConfiguration section */
		19D9DE292327298A00D5D578 /* Debug */ = {
			isa = XCBuildConfiguration;
			buildSettings = {
				ALWAYS_SEARCH_USER_PATHS = NO;
				CLANG_ANALYZER_NONNULL = YES;
				CLANG_ANALYZER_NUMBER_OBJECT_CONVERSION = YES_AGGRESSIVE;
				CLANG_CXX_LANGUAGE_STANDARD = "gnu++14";
				CLANG_CXX_LIBRARY = "libc++";
				CLANG_ENABLE_MODULES = YES;
				CLANG_ENABLE_OBJC_ARC = YES;
				CLANG_ENABLE_OBJC_WEAK = YES;
				CLANG_WARN_BLOCK_CAPTURE_AUTORELEASING = YES;
				CLANG_WARN_BOOL_CONVERSION = YES;
				CLANG_WARN_COMMA = YES;
				CLANG_WARN_CONSTANT_CONVERSION = YES;
				CLANG_WARN_DEPRECATED_OBJC_IMPLEMENTATIONS = YES;
				CLANG_WARN_DIRECT_OBJC_ISA_USAGE = YES_ERROR;
				CLANG_WARN_DOCUMENTATION_COMMENTS = YES;
				CLANG_WARN_EMPTY_BODY = YES;
				CLANG_WARN_ENUM_CONVERSION = YES;
				CLANG_WARN_INFINITE_RECURSION = YES;
				CLANG_WARN_INT_CONVERSION = YES;
				CLANG_WARN_NON_LITERAL_NULL_CONVERSION = YES;
				CLANG_WARN_OBJC_IMPLICIT_RETAIN_SELF = YES;
				CLANG_WARN_OBJC_LITERAL_CONVERSION = YES;
				CLANG_WARN_OBJC_ROOT_CLASS = YES_ERROR;
				CLANG_WARN_RANGE_LOOP_ANALYSIS = YES;
				CLANG_WARN_STRICT_PROTOTYPES = YES;
				CLANG_WARN_SUSPICIOUS_MOVE = YES;
				CLANG_WARN_UNGUARDED_AVAILABILITY = YES_AGGRESSIVE;
				CLANG_WARN_UNREACHABLE_CODE = YES;
				CLANG_WARN__DUPLICATE_METHOD_MATCH = YES;
				CODE_SIGN_IDENTITY = "iPhone Developer";
				COPY_PHASE_STRIP = NO;
				DEBUG_INFORMATION_FORMAT = dwarf;
				ENABLE_STRICT_OBJC_MSGSEND = YES;
				ENABLE_TESTABILITY = YES;
				GCC_C_LANGUAGE_STANDARD = gnu11;
				GCC_DYNAMIC_NO_PIC = NO;
				GCC_NO_COMMON_BLOCKS = YES;
				GCC_OPTIMIZATION_LEVEL = 0;
				GCC_PREPROCESSOR_DEFINITIONS = (
					"DEBUG=1",
					"$(inherited)",
				);
				GCC_WARN_64_TO_32_BIT_CONVERSION = YES;
				GCC_WARN_ABOUT_RETURN_TYPE = YES_ERROR;
				GCC_WARN_UNDECLARED_SELECTOR = YES;
				GCC_WARN_UNINITIALIZED_AUTOS = YES_AGGRESSIVE;
				GCC_WARN_UNUSED_FUNCTION = YES;
				GCC_WARN_UNUSED_VARIABLE = YES;
				IPHONEOS_DEPLOYMENT_TARGET = 12.1;
				MTL_ENABLE_DEBUG_INFO = INCLUDE_SOURCE;
				MTL_FAST_MATH = YES;
				ONLY_ACTIVE_ARCH = YES;
				SDKROOT = iphoneos;
				SWIFT_ACTIVE_COMPILATION_CONDITIONS = DEBUG;
				SWIFT_OPTIMIZATION_LEVEL = "-Onone";
			};
			name = Debug;
		};
		19D9DE2A2327298A00D5D578 /* Release */ = {
			isa = XCBuildConfiguration;
			buildSettings = {
				ALWAYS_SEARCH_USER_PATHS = NO;
				CLANG_ANALYZER_NONNULL = YES;
				CLANG_ANALYZER_NUMBER_OBJECT_CONVERSION = YES_AGGRESSIVE;
				CLANG_CXX_LANGUAGE_STANDARD = "gnu++14";
				CLANG_CXX_LIBRARY = "libc++";
				CLANG_ENABLE_MODULES = YES;
				CLANG_ENABLE_OBJC_ARC = YES;
				CLANG_ENABLE_OBJC_WEAK = YES;
				CLANG_WARN_BLOCK_CAPTURE_AUTORELEASING = YES;
				CLANG_WARN_BOOL_CONVERSION = YES;
				CLANG_WARN_COMMA = YES;
				CLANG_WARN_CONSTANT_CONVERSION = YES;
				CLANG_WARN_DEPRECATED_OBJC_IMPLEMENTATIONS = YES;
				CLANG_WARN_DIRECT_OBJC_ISA_USAGE = YES_ERROR;
				CLANG_WARN_DOCUMENTATION_COMMENTS = YES;
				CLANG_WARN_EMPTY_BODY = YES;
				CLANG_WARN_ENUM_CONVERSION = YES;
				CLANG_WARN_INFINITE_RECURSION = YES;
				CLANG_WARN_INT_CONVERSION = YES;
				CLANG_WARN_NON_LITERAL_NULL_CONVERSION = YES;
				CLANG_WARN_OBJC_IMPLICIT_RETAIN_SELF = YES;
				CLANG_WARN_OBJC_LITERAL_CONVERSION = YES;
				CLANG_WARN_OBJC_ROOT_CLASS = YES_ERROR;
				CLANG_WARN_RANGE_LOOP_ANALYSIS = YES;
				CLANG_WARN_STRICT_PROTOTYPES = YES;
				CLANG_WARN_SUSPICIOUS_MOVE = YES;
				CLANG_WARN_UNGUARDED_AVAILABILITY = YES_AGGRESSIVE;
				CLANG_WARN_UNREACHABLE_CODE = YES;
				CLANG_WARN__DUPLICATE_METHOD_MATCH = YES;
				CODE_SIGN_IDENTITY = "iPhone Developer";
				COPY_PHASE_STRIP = NO;
				DEBUG_INFORMATION_FORMAT = "dwarf-with-dsym";
				ENABLE_NS_ASSERTIONS = NO;
				ENABLE_STRICT_OBJC_MSGSEND = YES;
				GCC_C_LANGUAGE_STANDARD = gnu11;
				GCC_NO_COMMON_BLOCKS = YES;
				GCC_WARN_64_TO_32_BIT_CONVERSION = YES;
				GCC_WARN_ABOUT_RETURN_TYPE = YES_ERROR;
				GCC_WARN_UNDECLARED_SELECTOR = YES;
				GCC_WARN_UNINITIALIZED_AUTOS = YES_AGGRESSIVE;
				GCC_WARN_UNUSED_FUNCTION = YES;
				GCC_WARN_UNUSED_VARIABLE = YES;
				IPHONEOS_DEPLOYMENT_TARGET = 12.1;
				MTL_ENABLE_DEBUG_INFO = NO;
				MTL_FAST_MATH = YES;
				SDKROOT = iphoneos;
				SWIFT_COMPILATION_MODE = wholemodule;
				SWIFT_OPTIMIZATION_LEVEL = "-O";
				VALIDATE_PRODUCT = YES;
			};
			name = Release;
		};
		19D9DE2C2327298A00D5D578 /* Debug */ = {
			isa = XCBuildConfiguration;
			buildSettings = {
				ASSETCATALOG_COMPILER_APPICON_NAME = AppIcon;
				CODE_SIGN_STYLE = Automatic;
				DEVELOPMENT_TEAM = SG5FFCL4BX;
				FRAMEWORK_SEARCH_PATHS = (
					"$(inherited)",
					"$(PROJECT_DIR)/My\\ Spotify\\ Analytics",
				);
				INFOPLIST_FILE = "My Spotify Analytics/Info.plist";
				LD_RUNPATH_SEARCH_PATHS = (
					"$(inherited)",
					"@executable_path/Frameworks",
				);
				OTHER_LDFLAGS = "-ObjC";
				PRODUCT_BUNDLE_IDENTIFIER = "com.davidlane.my-spotify-analytics";
				PRODUCT_NAME = "$(TARGET_NAME)";
				SWIFT_OBJC_BRIDGING_HEADER = "My-Spotify-Analytics-Bridging-Header.h";
				SWIFT_PRECOMPILE_BRIDGING_HEADER = NO;
				SWIFT_VERSION = 5.0;
				TARGETED_DEVICE_FAMILY = "1,2";
			};
			name = Debug;
		};
		19D9DE2D2327298A00D5D578 /* Release */ = {
			isa = XCBuildConfiguration;
			buildSettings = {
				ASSETCATALOG_COMPILER_APPICON_NAME = AppIcon;
				CODE_SIGN_STYLE = Automatic;
				DEVELOPMENT_TEAM = SG5FFCL4BX;
				FRAMEWORK_SEARCH_PATHS = (
					"$(inherited)",
					"$(PROJECT_DIR)/My\\ Spotify\\ Analytics",
				);
				INFOPLIST_FILE = "My Spotify Analytics/Info.plist";
				LD_RUNPATH_SEARCH_PATHS = (
					"$(inherited)",
					"@executable_path/Frameworks",
				);
				OTHER_LDFLAGS = "-ObjC";
				PRODUCT_BUNDLE_IDENTIFIER = "com.davidlane.my-spotify-analytics";
				PRODUCT_NAME = "$(TARGET_NAME)";
				SWIFT_OBJC_BRIDGING_HEADER = "My-Spotify-Analytics-Bridging-Header.h";
				SWIFT_PRECOMPILE_BRIDGING_HEADER = NO;
				SWIFT_VERSION = 5.0;
				TARGETED_DEVICE_FAMILY = "1,2";
			};
			name = Release;
		};
/* End XCBuildConfiguration section */

/* Begin XCConfigurationList section */
		19D9DE142327298700D5D578 /* Build configuration list for PBXProject "My Spotify Analytics" */ = {
			isa = XCConfigurationList;
			buildConfigurations = (
				19D9DE292327298A00D5D578 /* Debug */,
				19D9DE2A2327298A00D5D578 /* Release */,
			);
			defaultConfigurationIsVisible = 0;
			defaultConfigurationName = Release;
		};
		19D9DE2B2327298A00D5D578 /* Build configuration list for PBXNativeTarget "My Spotify Analytics" */ = {
			isa = XCConfigurationList;
			buildConfigurations = (
				19D9DE2C2327298A00D5D578 /* Debug */,
				19D9DE2D2327298A00D5D578 /* Release */,
			);
			defaultConfigurationIsVisible = 0;
			defaultConfigurationName = Release;
		};
/* End XCConfigurationList section */
	};
	rootObject = 19D9DE112327298700D5D578 /* Project object */;
}
